
Microsoft Visual Studio Solution File, Format Version 12.00
# Visual Studio Version 17
VisualStudioVersion = 17.5.33516.290
MinimumVisualStudioVersion = 10.0.40219.1
Project("{FAE04EC0-301F-11D3-BF4B-00C04F79EFBC}") = "UC7", "UC7\UC7.csproj", "{152CC09F-D429-40A6-80C2-920C18265C57}"
EndProject
Project("{FAE04EC0-301F-11D3-BF4B-00C04F79EFBC}") = "UC7.Tests", "UC7.Tests\UC7.Tests.csproj", "{35CE16E2-3B86-471E-96B0-2FACD2A4E27D}"
EndProject
Global
	GlobalSection(SolutionConfigurationPlatforms) = preSolution
		Debug|Any CPU = Debug|Any CPU
		Release|Any CPU = Release|Any CPU
	EndGlobalSection
	GlobalSection(ProjectConfigurationPlatforms) = postSolution
		{152CC09F-D429-40A6-80C2-920C18265C57}.Debug|Any CPU.ActiveCfg = Debug|Any CPU
		{152CC09F-D429-40A6-80C2-920C18265C57}.Debug|Any CPU.Build.0 = Debug|Any CPU
		{152CC09F-D429-40A6-80C2-920C18265C57}.Release|Any CPU.ActiveCfg = Release|Any CPU
		{152CC09F-D429-40A6-80C2-920C18265C57}.Release|Any CPU.Build.0 = Release|Any CPU
		{35CE16E2-3B86-471E-96B0-2FACD2A4E27D}.Debug|Any CPU.ActiveCfg = Debug|Any CPU
		{35CE16E2-3B86-471E-96B0-2FACD2A4E27D}.Debug|Any CPU.Build.0 = Debug|Any CPU
		{35CE16E2-3B86-471E-96B0-2FACD2A4E27D}.Release|Any CPU.ActiveCfg = Release|Any CPU
		{35CE16E2-3B86-471E-96B0-2FACD2A4E27D}.Release|Any CPU.Build.0 = Release|Any CPU
	EndGlobalSection
	GlobalSection(SolutionProperties) = preSolution
		HideSolutionNode = FALSE
	EndGlobalSection
	GlobalSection(ExtensibilityGlobals) = postSolution
		SolutionGuid = {01FDB0DE-F629-41F0-8EA3-864B1D3E1432}
	EndGlobalSection
EndGlobal
